{
  "name": "download-speed",
  "version": "1.0.0",
  "lockfileVersion": 2,
  "requires": true,
  "packages": {
    "": {
      "name": "download-speed",
      "version": "1.0.0",
      "license": "ISC",
      "dependencies": {
        "@wmakeev/highland-tools": "^1.4.0",
        "dotenv": "^11.0.0",
        "highland": "^2.13.5",
        "moysklad-instance": "^3.0.3"
      },
      "devDependencies": {
        "@types/highland": "^2.12.14"
      }
    },
    "node_modules/@types/highland": {
      "version": "2.12.14",
      "resolved": "https://registry.npmjs.org/@types/highland/-/highland-2.12.14.tgz",
      "integrity": "sha512-afgFIPeRlysJjWAVmtxqt1nfRo29fjXwooX/MEc+GVlXKMiSsFOryY8hma1PNnjNjOI01Qe37/z5n3WGBk5WCg==",
      "dev": true,
      "dependencies": {
        "@types/node": "*"
      }
    },
    "node_modules/@types/node": {
      "version": "17.0.8",
      "resolved": "https://registry.npmjs.org/@types/node/-/node-17.0.8.tgz",
      "integrity": "sha512-YofkM6fGv4gDJq78g4j0mMuGMkZVxZDgtU0JRdx6FgiJDG+0fY0GKVolOV8WqVmEhLCXkQRjwDdKyPxJp/uucg==",
      "dev": true
    },
    "node_modules/@wmakeev/base64encode": {
      "version": "1.1.0",
      "resolved": "https://registry.npmjs.org/@wmakeev/base64encode/-/base64encode-1.1.0.tgz",
      "integrity": "sha512-thZ1yrP4ZvUJZn/yLoZBdFZyG17qkKI2m60eEMmq12C/WRXHffO+5QSYOI0Kh8l7Q5O0KpX6oSZuM4HqixpmQA==",
      "engines": {
        "node": ">=4"
      }
    },
    "node_modules/@wmakeev/highland-tools": {
      "version": "1.4.0",
      "resolved": "https://registry.npmjs.org/@wmakeev/highland-tools/-/highland-tools-1.4.0.tgz",
      "integrity": "sha512-hea2eYlMirOmGq+etkJa0UOzxTBiHXcgwgXl2osabWiBoLOjDM5AcdYd74yKanOWoK0YPSnBxMcGrfEhL9hi3Q=="
    },
    "node_modules/dotenv": {
      "version": "11.0.0",
      "resolved": "https://registry.npmjs.org/dotenv/-/dotenv-11.0.0.tgz",
      "integrity": "sha512-Fp/b504Y5W+e+FpCxTFMUZ7ZEQkQYF0rx+KZtmwixJxGQbLHrhCwo3FjZgNC8vIfrSi29PABNbMoCGD9YoiXbQ==",
      "engines": {
        "node": ">=12"
      }
    },
    "node_modules/have2": {
      "version": "1.0.0-beta.1",
      "resolved": "https://registry.npmjs.org/have2/-/have2-1.0.0-beta.1.tgz",
      "integrity": "sha1-/l6cGbBYlNMk+APhisYAbuzzRAg="
    },
    "node_modules/highland": {
      "version": "2.13.5",
      "resolved": "https://registry.npmjs.org/highland/-/highland-2.13.5.tgz",
      "integrity": "sha512-dn2flPapIIAa4BtkB2ahjshg8iSJtrJtdhEb9/oiOrS5HMQTR/GuhFpqJ+11YBdtnl3AwWKvbZd1Uxr8uAmA7A==",
      "dependencies": {
        "util-deprecate": "^1.0.2"
      }
    },
    "node_modules/isomorphic-fetch": {
      "version": "3.0.0",
      "resolved": "https://registry.npmjs.org/isomorphic-fetch/-/isomorphic-fetch-3.0.0.tgz",
      "integrity": "sha512-qvUtwJ3j6qwsF3jLxkZ72qCgjMysPzDfeV240JHiGZsANBYd+EEuu35v7dfrJ9Up0Ak07D7GGSkGhCHTqg/5wA==",
      "dependencies": {
        "node-fetch": "^2.6.1",
        "whatwg-fetch": "^3.4.1"
      }
    },
    "node_modules/lodash.defaultsdeep": {
      "version": "4.6.1",
      "resolved": "https://registry.npmjs.org/lodash.defaultsdeep/-/lodash.defaultsdeep-4.6.1.tgz",
      "integrity": "sha512-3j8wdDzYuWO3lM3Reg03MuQR957t287Rpcxp1njpEa8oDrikb+FwGdW3n+FELh/A6qib6yPit0j/pv9G/yeAqA=="
    },
    "node_modules/lodash.memoize": {
      "version": "4.1.2",
      "resolved": "https://registry.npmjs.org/lodash.memoize/-/lodash.memoize-4.1.2.tgz",
      "integrity": "sha1-vMbEmkKihA7Zl/Mj6tpezRguC/4="
    },
    "node_modules/moysklad": {
      "version": "0.10.0",
      "resolved": "https://registry.npmjs.org/moysklad/-/moysklad-0.10.0.tgz",
      "integrity": "sha512-E0rVdfu5mqIZq3CSBM4V8y1fYx4pC8PKxOaDXWwoxTj2/2ShEB7C6h9gy3F6xiKq/074xl4M5qP3owEeiZ9Gng==",
      "dependencies": {
        "@wmakeev/base64encode": "^1.1.0",
        "have2": "1.0.0-beta.1",
        "lodash.defaultsdeep": "^4.6.1",
        "stampit": "^4.3.1"
      },
      "engines": {
        "node": ">=12"
      }
    },
    "node_modules/moysklad-api-model": {
      "version": "0.5.4",
      "resolved": "https://registry.npmjs.org/moysklad-api-model/-/moysklad-api-model-0.5.4.tgz",
      "integrity": "sha512-vCpPPpipiVov9t353+byTb4YduSk0A+kcy63xxd1z319hCFtTBm0N6iyQDgbNeFsC29YxHHOT8xXm/4B5XL87A=="
    },
    "node_modules/moysklad-fetch-planner": {
      "version": "0.0.3",
      "resolved": "https://registry.npmjs.org/moysklad-fetch-planner/-/moysklad-fetch-planner-0.0.3.tgz",
      "integrity": "sha512-ZtBONspOO6LtwI+fbDwMABleXBCmOoDqr/vQXFEfbcKhUcnAuGSsyHQ+y58NMlwXqrIP/Rl1C50bfW6QtiWHXw==",
      "engines": {
        "node": ">=14"
      }
    },
    "node_modules/moysklad-instance": {
      "version": "3.0.3",
      "resolved": "https://registry.npmjs.org/moysklad-instance/-/moysklad-instance-3.0.3.tgz",
      "integrity": "sha512-nwPWyvEFsbUqUlgj63p4la/ulagZdFG9hla8ALeksGWVvu5EqawPddk8nZytPM/QH0wzU9wXG++Q1AwbvNIQ+Q==",
      "dependencies": {
        "isomorphic-fetch": "^3.0.0",
        "lodash.memoize": "^4.1.2",
        "moysklad": "^0.10.0",
        "moysklad-api-model": "^0.5.4",
        "moysklad-fetch-planner": "^0.0.3"
      }
    },
    "node_modules/node-fetch": {
      "version": "2.6.7",
      "resolved": "https://registry.npmjs.org/node-fetch/-/node-fetch-2.6.7.tgz",
      "integrity": "sha512-ZjMPFEfVx5j+y2yF35Kzx5sF7kDzxuDj6ziH4FFbOp87zKDZNx8yExJIb05OGF4Nlt9IHFIMBkRl41VdvcNdbQ==",
      "dependencies": {
        "whatwg-url": "^5.0.0"
      },
      "engines": {
        "node": "4.x || >=6.0.0"
      },
      "peerDependencies": {
        "encoding": "^0.1.0"
      },
      "peerDependenciesMeta": {
        "encoding": {
          "optional": true
        }
      }
    },
    "node_modules/stampit": {
      "version": "4.3.2",
      "resolved": "https://registry.npmjs.org/stampit/-/stampit-4.3.2.tgz",
      "integrity": "sha512-pE2org1+ZWQBnIxRPrBM2gVupkuDD0TTNIo1H6GdT/vO82NXli2z8lRE8cu/nBIHrcOCXFBAHpb9ZldrB2/qOA=="
    },
    "node_modules/tr46": {
      "version": "0.0.3",
      "resolved": "https://registry.npmjs.org/tr46/-/tr46-0.0.3.tgz",
      "integrity": "sha1-gYT9NH2snNwYWZLzpmIuFLnZq2o="
    },
    "node_modules/util-deprecate": {
      "version": "1.0.2",
      "resolved": "https://registry.npmjs.org/util-deprecate/-/util-deprecate-1.0.2.tgz",
      "integrity": "sha1-RQ1Nyfpw3nMnYvvS1KKJgUGaDM8="
    },
    "node_modules/webidl-conversions": {
      "version": "3.0.1",
      "resolved": "https://registry.npmjs.org/webidl-conversions/-/webidl-conversions-3.0.1.tgz",
      "integrity": "sha1-JFNCdeKnvGvnvIZhHMFq4KVlSHE="
    },
    "node_modules/whatwg-fetch": {
      "version": "3.6.2",
      "resolved": "https://registry.npmjs.org/whatwg-fetch/-/whatwg-fetch-3.6.2.tgz",
      "integrity": "sha512-bJlen0FcuU/0EMLrdbJ7zOnW6ITZLrZMIarMUVmdKtsGvZna8vxKYaexICWPfZ8qwf9fzNq+UEIZrnSaApt6RA=="
    },
    "node_modules/whatwg-url": {
      "version": "5.0.0",
      "resolved": "https://registry.npmjs.org/whatwg-url/-/whatwg-url-5.0.0.tgz",
      "integrity": "sha1-lmRU6HZUYuN2RNNib2dCzotwll0=",
      "dependencies": {
        "tr46": "~0.0.3",
        "webidl-conversions": "^3.0.0"
      }
    }
  },
  "dependencies": {
    "@types/highland": {
      "version": "2.12.14",
      "resolved": "https://registry.npmjs.org/@types/highland/-/highland-2.12.14.tgz",
      "integrity": "sha512-afgFIPeRlysJjWAVmtxqt1nfRo29fjXwooX/MEc+GVlXKMiSsFOryY8hma1PNnjNjOI01Qe37/z5n3WGBk5WCg==",
      "dev": true,
      "requires": {
        "@types/node": "*"
      }
    },
    "@types/node": {
      "version": "17.0.8",
      "resolved": "https://registry.npmjs.org/@types/node/-/node-17.0.8.tgz",
      "integrity": "sha512-YofkM6fGv4gDJq78g4j0mMuGMkZVxZDgtU0JRdx6FgiJDG+0fY0GKVolOV8WqVmEhLCXkQRjwDdKyPxJp/uucg==",
      "dev": true
    },
    "@wmakeev/base64encode": {
      "version": "1.1.0",
      "resolved": "https://registry.npmjs.org/@wmakeev/base64encode/-/base64encode-1.1.0.tgz",
      "integrity": "sha512-thZ1yrP4ZvUJZn/yLoZBdFZyG17qkKI2m60eEMmq12C/WRXHffO+5QSYOI0Kh8l7Q5O0KpX6oSZuM4HqixpmQA=="
    },
    "@wmakeev/highland-tools": {
      "version": "1.4.0",
      "resolved": "https://registry.npmjs.org/@wmakeev/highland-tools/-/highland-tools-1.4.0.tgz",
      "integrity": "sha512-hea2eYlMirOmGq+etkJa0UOzxTBiHXcgwgXl2osabWiBoLOjDM5AcdYd74yKanOWoK0YPSnBxMcGrfEhL9hi3Q=="
    },
    "dotenv": {
      "version": "11.0.0",
      "resolved": "https://registry.npmjs.org/dotenv/-/dotenv-11.0.0.tgz",
      "integrity": "sha512-Fp/b504Y5W+e+FpCxTFMUZ7ZEQkQYF0rx+KZtmwixJxGQbLHrhCwo3FjZgNC8vIfrSi29PABNbMoCGD9YoiXbQ=="
    },
    "have2": {
      "version": "1.0.0-beta.1",
      "resolved": "https://registry.npmjs.org/have2/-/have2-1.0.0-beta.1.tgz",
      "integrity": "sha1-/l6cGbBYlNMk+APhisYAbuzzRAg="
    },
    "highland": {
      "version": "2.13.5",
      "resolved": "https://registry.npmjs.org/highland/-/highland-2.13.5.tgz",
      "integrity": "sha512-dn2flPapIIAa4BtkB2ahjshg8iSJtrJtdhEb9/oiOrS5HMQTR/GuhFpqJ+11YBdtnl3AwWKvbZd1Uxr8uAmA7A==",
      "requires": {
        "util-deprecate": "^1.0.2"
      }
    },
    "isomorphic-fetch": {
      "version": "3.0.0",
      "resolved": "https://registry.npmjs.org/isomorphic-fetch/-/isomorphic-fetch-3.0.0.tgz",
      "integrity": "sha512-qvUtwJ3j6qwsF3jLxkZ72qCgjMysPzDfeV240JHiGZsANBYd+EEuu35v7dfrJ9Up0Ak07D7GGSkGhCHTqg/5wA==",
      "requires": {
        "node-fetch": "^2.6.1",
        "whatwg-fetch": "^3.4.1"
      }
    },
    "lodash.defaultsdeep": {
      "version": "4.6.1",
      "resolved": "https://registry.npmjs.org/lodash.defaultsdeep/-/lodash.defaultsdeep-4.6.1.tgz",
      "integrity": "sha512-3j8wdDzYuWO3lM3Reg03MuQR957t287Rpcxp1njpEa8oDrikb+FwGdW3n+FELh/A6qib6yPit0j/pv9G/yeAqA=="
    },
    "lodash.memoize": {
      "version": "4.1.2",
      "resolved": "https://registry.npmjs.org/lodash.memoize/-/lodash.memoize-4.1.2.tgz",
      "integrity": "sha1-vMbEmkKihA7Zl/Mj6tpezRguC/4="
    },
    "moysklad": {
      "version": "0.10.0",
      "resolved": "https://registry.npmjs.org/moysklad/-/moysklad-0.10.0.tgz",
      "integrity": "sha512-E0rVdfu5mqIZq3CSBM4V8y1fYx4pC8PKxOaDXWwoxTj2/2ShEB7C6h9gy3F6xiKq/074xl4M5qP3owEeiZ9Gng==",
      "requires": {
        "@wmakeev/base64encode": "^1.1.0",
        "have2": "1.0.0-beta.1",
        "lodash.defaultsdeep": "^4.6.1",
        "stampit": "^4.3.1"
      }
    },
    "moysklad-api-model": {
      "version": "0.5.4",
      "resolved": "https://registry.npmjs.org/moysklad-api-model/-/moysklad-api-model-0.5.4.tgz",
      "integrity": "sha512-vCpPPpipiVov9t353+byTb4YduSk0A+kcy63xxd1z319hCFtTBm0N6iyQDgbNeFsC29YxHHOT8xXm/4B5XL87A=="
    },
    "moysklad-fetch-planner": {
      "version": "0.0.3",
      "resolved": "https://registry.npmjs.org/moysklad-fetch-planner/-/moysklad-fetch-planner-0.0.3.tgz",
      "integrity": "sha512-ZtBONspOO6LtwI+fbDwMABleXBCmOoDqr/vQXFEfbcKhUcnAuGSsyHQ+y58NMlwXqrIP/Rl1C50bfW6QtiWHXw=="
    },
    "moysklad-instance": {
      "version": "3.0.3",
      "resolved": "https://registry.npmjs.org/moysklad-instance/-/moysklad-instance-3.0.3.tgz",
      "integrity": "sha512-nwPWyvEFsbUqUlgj63p4la/ulagZdFG9hla8ALeksGWVvu5EqawPddk8nZytPM/QH0wzU9wXG++Q1AwbvNIQ+Q==",
      "requires": {
        "isomorphic-fetch": "^3.0.0",
        "lodash.memoize": "^4.1.2",
        "moysklad": "^0.10.0",
        "moysklad-api-model": "^0.5.4",
        "moysklad-fetch-planner": "^0.0.3"
      }
    },
    "node-fetch": {
      "version": "2.6.7",
      "resolved": "https://registry.npmjs.org/node-fetch/-/node-fetch-2.6.7.tgz",
      "integrity": "sha512-ZjMPFEfVx5j+y2yF35Kzx5sF7kDzxuDj6ziH4FFbOp87zKDZNx8yExJIb05OGF4Nlt9IHFIMBkRl41VdvcNdbQ==",
      "requires": {
        "whatwg-url": "^5.0.0"
      }
    },
    "stampit": {
      "version": "4.3.2",
      "resolved": "https://registry.npmjs.org/stampit/-/stampit-4.3.2.tgz",
      "integrity": "sha512-pE2org1+ZWQBnIxRPrBM2gVupkuDD0TTNIo1H6GdT/vO82NXli2z8lRE8cu/nBIHrcOCXFBAHpb9ZldrB2/qOA=="
    },
    "tr46": {
      "version": "0.0.3",
      "resolved": "https://registry.npmjs.org/tr46/-/tr46-0.0.3.tgz",
      "integrity": "sha1-gYT9NH2snNwYWZLzpmIuFLnZq2o="
    },
    "util-deprecate": {
      "version": "1.0.2",
      "resolved": "https://registry.npmjs.org/util-deprecate/-/util-deprecate-1.0.2.tgz",
      "integrity": "sha1-RQ1Nyfpw3nMnYvvS1KKJgUGaDM8="
    },
    "webidl-conversions": {
      "version": "3.0.1",
      "resolved": "https://registry.npmjs.org/webidl-conversions/-/webidl-conversions-3.0.1.tgz",
      "integrity": "sha1-JFNCdeKnvGvnvIZhHMFq4KVlSHE="
    },
    "whatwg-fetch": {
      "version": "3.6.2",
      "resolved": "https://registry.npmjs.org/whatwg-fetch/-/whatwg-fetch-3.6.2.tgz",
      "integrity": "sha512-bJlen0FcuU/0EMLrdbJ7zOnW6ITZLrZMIarMUVmdKtsGvZna8vxKYaexICWPfZ8qwf9fzNq+UEIZrnSaApt6RA=="
    },
    "whatwg-url": {
      "version": "5.0.0",
      "resolved": "https://registry.npmjs.org/whatwg-url/-/whatwg-url-5.0.0.tgz",
      "integrity": "sha1-lmRU6HZUYuN2RNNib2dCzotwll0=",
      "requires": {
        "tr46": "~0.0.3",
        "webidl-conversions": "^3.0.0"
      }
    }
  }
}
